
Microsoft Visual Studio Solution File, Format Version 12.00
# Visual Studio Version 17
VisualStudioVersion = 17.6.33829.357
MinimumVisualStudioVersion = 10.0.40219.1
Project("{9A19103F-16F7-4668-BE54-9A1E7A4F7556}") = "src", "src.csproj", "{A2BC5D82-A819-440B-B8C2-5A378AD31915}"
EndProject
Global
	GlobalSection(SolutionConfigurationPlatforms) = preSolution
		Debug|Any CPU = Debug|Any CPU
		Release|Any CPU = Release|Any CPU
	EndGlobalSection
	GlobalSection(ProjectConfigurationPlatforms) = postSolution
		{A2BC5D82-A819-440B-B8C2-5A378AD31915}.Debug|Any CPU.ActiveCfg = Debug|Any CPU
		{A2BC5D82-A819-440B-B8C2-5A378AD31915}.Debug|Any CPU.Build.0 = Debug|Any CPU
		{A2BC5D82-A819-440B-B8C2-5A378AD31915}.Release|Any CPU.ActiveCfg = Release|Any CPU
		{A2BC5D82-A819-440B-B8C2-5A378AD31915}.Release|Any CPU.Build.0 = Release|Any CPU
	EndGlobalSection
	GlobalSection(SolutionProperties) = preSolution
		HideSolutionNode = FALSE
	EndGlobalSection
	GlobalSection(ExtensibilityGlobals) = postSolution
		SolutionGuid = {CC409CE7-9E45-422B-BE41-176A9EEFCF1C}
	EndGlobalSection
EndGlobal
